
Microsoft Visual Studio Solution File, Format Version 12.00
# Visual Studio Version 16
VisualStudioVersion = 16.0.31729.503
MinimumVisualStudioVersion = 10.0.40219.1
Project("{FAE04EC0-301F-11D3-BF4B-00C04F79EFBC}") = "ATM software", "ATM software\ATM software.csproj", "{0ECAEF15-E365-4B82-9202-4028F477630B}"
EndProject
Global
	GlobalSection(SolutionConfigurationPlatforms) = preSolution
		Debug|Any CPU = Debug|Any CPU
		Release|Any CPU = Release|Any CPU
	EndGlobalSection
	GlobalSection(ProjectConfigurationPlatforms) = postSolution
		{0ECAEF15-E365-4B82-9202-4028F477630B}.Debug|Any CPU.ActiveCfg = Debug|Any CPU
		{0ECAEF15-E365-4B82-9202-4028F477630B}.Debug|Any CPU.Build.0 = Debug|Any CPU
		{0ECAEF15-E365-4B82-9202-4028F477630B}.Release|Any CPU.ActiveCfg = Release|Any CPU
		{0ECAEF15-E365-4B82-9202-4028F477630B}.Release|Any CPU.Build.0 = Release|Any CPU
	EndGlobalSection
	GlobalSection(SolutionProperties) = preSolution
		HideSolutionNode = FALSE
	EndGlobalSection
	GlobalSection(ExtensibilityGlobals) = postSolution
		SolutionGuid = {408873D9-F6B6-46FC-B809-E44340DF559B}
	EndGlobalSection
EndGlobal
